github.com/wneessen/go-hibp v1.0.3 h1:7T5tAoqre6+A4CdZRXZb9VbxWCcdzr+BdskyghxpaME=
github.com/wneessen/go-hibp v1.0.3/go.mod h1:Ldg6DQg4fMCveVKgL+RL9Jy+9TsljjAP704Ix8X3jOw=
github.com/wneessen/go-hibp v1.0.4 h1:G/DPSu30FD/M/JFqFK+2512z3OilCUF1LdQnB8Xzx5g=
github.com/wneessen/go-hibp v1.0.4/go.mod h1:Ldg6DQg4fMCveVKgL+RL9Jy+9TsljjAP704Ix8X3jOw=
