github.com/wneessen/go-hibp v1.1.0 h1:T3WpzEU9KcheJm4kKsvsBHlGwnvEEAqyW2mcOGqKbhY=
github.com/wneessen/go-hibp v1.1.0/go.mod h1:kvgj+9AK5AhidWDEFQKgOyIN+dWh/q4h25gHg4F40cg=
github.com/wneessen/niljson v0.1.0 h1:r1xOhbu5T9NrWGFRB7WHWarrZkKzY5abhz+oeTPYSdI=
github.com/wneessen/niljson v0.1.0/go.mod h1:5c0HfLooKGSXs/axETzDEJibJxEBqkunDTSNDC5AV/Q=
